
Microsoft Visual Studio Solution File, Format Version 12.00
# Visual Studio 15
VisualStudioVersion = 15.0.27428.2037
MinimumVisualStudioVersion = 10.0.40219.1
Project("{9A19103F-16F7-4668-BE54-9A1E7A4F7556}") = "ManifestGenerator", "ManifestGenerator.csproj", "{D3AED287-722F-4243-966E-77AD0652B38E}"
EndProject
Global
	GlobalSection(SolutionConfigurationPlatforms) = preSolution
		Debug|x64 = Debug|x64
		Release|x64 = Release|x64
	EndGlobalSection
	GlobalSection(ProjectConfigurationPlatforms) = postSolution
		{D3AED287-722F-4243-966E-77AD0652B38E}.Debug|x64.ActiveCfg = Debug|x64
		{D3AED287-722F-4243-966E-77AD0652B38E}.Debug|x64.Build.0 = Debug|x64
		{D3AED287-722F-4243-966E-77AD0652B38E}.Release|x64.ActiveCfg = Release|x64
		{D3AED287-722F-4243-966E-77AD0652B38E}.Release|x64.Build.0 = Release|x64
	EndGlobalSection
	GlobalSection(SolutionProperties) = preSolution
		HideSolutionNode = FALSE
	EndGlobalSection
	GlobalSection(ExtensibilityGlobals) = postSolution
		SolutionGuid = {620035F0-EA24-426B-BA6F-FF34BC8E14FA}
	EndGlobalSection
EndGlobal
