
Microsoft Visual Studio Solution File, Format Version 12.00
# Visual Studio Version 16
VisualStudioVersion = 16.0.30104.148
MinimumVisualStudioVersion = 10.0.40219.1
Project("{888888A0-9F3D-457C-B088-3A5042F75D52}") = "nimbusml", "src\python\nimbusml.pyproj", "{8DFF150B-E1C6-4EB4-90C7-9D69E9E7CCA1}"
EndProject
Project("{9A19103F-16F7-4668-BE54-9A1E7A4F7556}") = "DotNetBridge", "src\DotNetBridge\DotNetBridge.csproj", "{EC58F2CF-A1D5-4E28-97F9-69B1E46F6F63}"
EndProject
Project("{8BC9CEB8-8B4A-11D0-8D11-00A0C91BC942}") = "NativeBridge", "src\NativeBridge\NativeBridge.vcxproj", "{3DA0AF32-A05B-4ECF-8010-83B14612FBB3}"
EndProject
Project("{2150E333-8FDC-42A3-9474-1A3956D46DE8}") = "Solution Items", "Solution Items", "{8E38D5F2-AE15-4C84-81D2-69355C8BD8A4}"
	ProjectSection(SolutionItems) = preProject
		.gitignore = .gitignore
		.vsts-ci.yml = .vsts-ci.yml
		build.cmd = build.cmd
		LICENSE = LICENSE
		nuget.config = nuget.config
		README.md = README.md
		version.txt = version.txt
	EndProjectSection
EndProject
Project("{9A19103F-16F7-4668-BE54-9A1E7A4F7556}") = "ManifestGenerator", "src\ManifestGenerator\ManifestGenerator.csproj", "{D3AED287-722F-4243-966E-77AD0652B38E}"
EndProject
Global
	GlobalSection(SolutionConfigurationPlatforms) = preSolution
		DbgLinPy3.6|x64 = DbgLinPy3.6|x64
		DbgLinPy3.7|x64 = DbgLinPy3.7|x64
		DbgLinPy3.8|x64 = DbgLinPy3.8|x64
		DbgWinPy3.6|x64 = DbgWinPy3.6|x64
		DbgWinPy3.7|x64 = DbgWinPy3.7|x64
		DbgWinPy3.8|x64 = DbgWinPy3.8|x64
		RlsLinPy3.6|x64 = RlsLinPy3.6|x64
		RlsLinPy3.7|x64 = RlsLinPy3.7|x64
		RlsLinPy3.8|x64 = RlsLinPy3.8|x64
		RlsMacPy3.6|x64 = RlsMacPy3.6|x64
		RlsMacPy3.7|x64 = RlsMacPy3.7|x64
		RlsMacPy3.8|x64 = RlsMacPy3.8|x64
		RlsWinPy3.6|x64 = RlsWinPy3.6|x64
		RlsWinPy3.7|x64 = RlsWinPy3.7|x64
		RlsWinPy3.8|x64 = RlsWinPy3.8|x64
	EndGlobalSection
	GlobalSection(ProjectConfigurationPlatforms) = postSolution
		{8DFF150B-E1C6-4EB4-90C7-9D69E9E7CCA1}.DbgLinPy3.6|x64.ActiveCfg = Debug|Any CPU
		{8DFF150B-E1C6-4EB4-90C7-9D69E9E7CCA1}.DbgLinPy3.7|x64.ActiveCfg = Debug|Any CPU
		{8DFF150B-E1C6-4EB4-90C7-9D69E9E7CCA1}.DbgLinPy3.8|x64.ActiveCfg = Debug|Any CPU
		{8DFF150B-E1C6-4EB4-90C7-9D69E9E7CCA1}.DbgWinPy3.6|x64.ActiveCfg = Debug|Any CPU
		{8DFF150B-E1C6-4EB4-90C7-9D69E9E7CCA1}.DbgWinPy3.7|x64.ActiveCfg = Debug|Any CPU
		{8DFF150B-E1C6-4EB4-90C7-9D69E9E7CCA1}.DbgWinPy3.8|x64.ActiveCfg = Debug|Any CPU
		{8DFF150B-E1C6-4EB4-90C7-9D69E9E7CCA1}.RlsLinPy3.6|x64.ActiveCfg = Release|Any CPU
		{8DFF150B-E1C6-4EB4-90C7-9D69E9E7CCA1}.RlsLinPy3.7|x64.ActiveCfg = Release|Any CPU
		{8DFF150B-E1C6-4EB4-90C7-9D69E9E7CCA1}.RlsLinPy3.8|x64.ActiveCfg = Release|Any CPU
		{8DFF150B-E1C6-4EB4-90C7-9D69E9E7CCA1}.RlsMacPy3.6|x64.ActiveCfg = Release|Any CPU
		{8DFF150B-E1C6-4EB4-90C7-9D69E9E7CCA1}.RlsMacPy3.7|x64.ActiveCfg = Release|Any CPU
		{8DFF150B-E1C6-4EB4-90C7-9D69E9E7CCA1}.RlsMacPy3.8|x64.ActiveCfg = Release|Any CPU
		{8DFF150B-E1C6-4EB4-90C7-9D69E9E7CCA1}.RlsWinPy3.6|x64.ActiveCfg = Release|Any CPU
		{8DFF150B-E1C6-4EB4-90C7-9D69E9E7CCA1}.RlsWinPy3.7|x64.ActiveCfg = Release|Any CPU
		{8DFF150B-E1C6-4EB4-90C7-9D69E9E7CCA1}.RlsWinPy3.8|x64.ActiveCfg = Release|Any CPU
		{EC58F2CF-A1D5-4E28-97F9-69B1E46F6F63}.DbgLinPy3.6|x64.ActiveCfg = DbgLinPy3.6|x64
		{EC58F2CF-A1D5-4E28-97F9-69B1E46F6F63}.DbgLinPy3.6|x64.Build.0 = DbgLinPy3.6|x64
		{EC58F2CF-A1D5-4E28-97F9-69B1E46F6F63}.DbgLinPy3.7|x64.ActiveCfg = DbgLinPy3.7|x64
		{EC58F2CF-A1D5-4E28-97F9-69B1E46F6F63}.DbgLinPy3.7|x64.Build.0 = DbgLinPy3.7|x64
		{EC58F2CF-A1D5-4E28-97F9-69B1E46F6F63}.DbgLinPy3.8|x64.ActiveCfg = DbgLinPy3.8|x64
		{EC58F2CF-A1D5-4E28-97F9-69B1E46F6F63}.DbgLinPy3.8|x64.Build.0 = DbgLinPy3.8|x64
		{EC58F2CF-A1D5-4E28-97F9-69B1E46F6F63}.DbgWinPy3.6|x64.ActiveCfg = DbgWinPy3.6|x64
		{EC58F2CF-A1D5-4E28-97F9-69B1E46F6F63}.DbgWinPy3.6|x64.Build.0 = DbgWinPy3.6|x64
		{EC58F2CF-A1D5-4E28-97F9-69B1E46F6F63}.DbgWinPy3.7|x64.ActiveCfg = DbgWinPy3.7|x64
		{EC58F2CF-A1D5-4E28-97F9-69B1E46F6F63}.DbgWinPy3.7|x64.Build.0 = DbgWinPy3.7|x64
		{EC58F2CF-A1D5-4E28-97F9-69B1E46F6F63}.DbgWinPy3.8|x64.ActiveCfg = DbgWinPy3.8|x64
		{EC58F2CF-A1D5-4E28-97F9-69B1E46F6F63}.DbgWinPy3.8|x64.Build.0 = DbgWinPy3.8|x64
		{EC58F2CF-A1D5-4E28-97F9-69B1E46F6F63}.RlsLinPy3.6|x64.ActiveCfg = RlsLinPy3.6|x64
		{EC58F2CF-A1D5-4E28-97F9-69B1E46F6F63}.RlsLinPy3.6|x64.Build.0 = RlsLinPy3.6|x64
		{EC58F2CF-A1D5-4E28-97F9-69B1E46F6F63}.RlsLinPy3.7|x64.ActiveCfg = RlsLinPy3.7|x64
		{EC58F2CF-A1D5-4E28-97F9-69B1E46F6F63}.RlsLinPy3.7|x64.Build.0 = RlsLinPy3.7|x64
		{EC58F2CF-A1D5-4E28-97F9-69B1E46F6F63}.RlsLinPy3.8|x64.ActiveCfg = RlsLinPy3.8|x64
		{EC58F2CF-A1D5-4E28-97F9-69B1E46F6F63}.RlsLinPy3.8|x64.Build.0 = RlsLinPy3.8|x64
		{EC58F2CF-A1D5-4E28-97F9-69B1E46F6F63}.RlsMacPy3.6|x64.ActiveCfg = RlsMacPy3.6|x64
		{EC58F2CF-A1D5-4E28-97F9-69B1E46F6F63}.RlsMacPy3.6|x64.Build.0 = RlsMacPy3.6|x64
		{EC58F2CF-A1D5-4E28-97F9-69B1E46F6F63}.RlsMacPy3.7|x64.ActiveCfg = RlsMacPy3.7|x64
		{EC58F2CF-A1D5-4E28-97F9-69B1E46F6F63}.RlsMacPy3.7|x64.Build.0 = RlsMacPy3.7|x64
		{EC58F2CF-A1D5-4E28-97F9-69B1E46F6F63}.RlsMacPy3.8|x64.ActiveCfg = RlsMacPy3.8|x64
		{EC58F2CF-A1D5-4E28-97F9-69B1E46F6F63}.RlsMacPy3.8|x64.Build.0 = RlsMacPy3.8|x64
		{EC58F2CF-A1D5-4E28-97F9-69B1E46F6F63}.RlsWinPy3.6|x64.ActiveCfg = RlsWinPy3.6|x64
		{EC58F2CF-A1D5-4E28-97F9-69B1E46F6F63}.RlsWinPy3.6|x64.Build.0 = RlsWinPy3.6|x64
		{EC58F2CF-A1D5-4E28-97F9-69B1E46F6F63}.RlsWinPy3.7|x64.ActiveCfg = RlsWinPy3.7|x64
		{EC58F2CF-A1D5-4E28-97F9-69B1E46F6F63}.RlsWinPy3.7|x64.Build.0 = RlsWinPy3.7|x64
		{EC58F2CF-A1D5-4E28-97F9-69B1E46F6F63}.RlsWinPy3.8|x64.ActiveCfg = RlsWinPy3.8|x64
		{EC58F2CF-A1D5-4E28-97F9-69B1E46F6F63}.RlsWinPy3.8|x64.Build.0 = RlsWinPy3.8|x64
		{3DA0AF32-A05B-4ECF-8010-83B14612FBB3}.DbgLinPy3.6|x64.ActiveCfg = DbgWinPy3.6|x64
		{3DA0AF32-A05B-4ECF-8010-83B14612FBB3}.DbgLinPy3.7|x64.ActiveCfg = DbgWinPy3.7|x64
		{3DA0AF32-A05B-4ECF-8010-83B14612FBB3}.DbgLinPy3.8|x64.ActiveCfg = DbgWinPy3.8|x64
		{3DA0AF32-A05B-4ECF-8010-83B14612FBB3}.DbgWinPy3.6|x64.ActiveCfg = DbgWinPy3.6|x64
		{3DA0AF32-A05B-4ECF-8010-83B14612FBB3}.DbgWinPy3.6|x64.Build.0 = DbgWinPy3.6|x64
		{3DA0AF32-A05B-4ECF-8010-83B14612FBB3}.DbgWinPy3.7|x64.ActiveCfg = DbgWinPy3.7|x64
		{3DA0AF32-A05B-4ECF-8010-83B14612FBB3}.DbgWinPy3.7|x64.Build.0 = DbgWinPy3.7|x64
		{3DA0AF32-A05B-4ECF-8010-83B14612FBB3}.DbgWinPy3.8|x64.ActiveCfg = DbgWinPy3.8|x64
		{3DA0AF32-A05B-4ECF-8010-83B14612FBB3}.DbgWinPy3.8|x64.Build.0 = DbgWinPy3.8|x64
		{3DA0AF32-A05B-4ECF-8010-83B14612FBB3}.RlsLinPy3.6|x64.ActiveCfg = RlsWinPy3.6|x64
		{3DA0AF32-A05B-4ECF-8010-83B14612FBB3}.RlsLinPy3.7|x64.ActiveCfg = RlsWinPy3.7|x64
		{3DA0AF32-A05B-4ECF-8010-83B14612FBB3}.RlsLinPy3.8|x64.ActiveCfg = RlsWinPy3.8|x64
		{3DA0AF32-A05B-4ECF-8010-83B14612FBB3}.RlsLinPy3.8|x64.Build.0 = RlsWinPy3.8|x64
		{3DA0AF32-A05B-4ECF-8010-83B14612FBB3}.RlsMacPy3.6|x64.ActiveCfg = DbgWinPy3.6|x64
		{3DA0AF32-A05B-4ECF-8010-83B14612FBB3}.RlsMacPy3.7|x64.ActiveCfg = DbgWinPy3.7|x64
		{3DA0AF32-A05B-4ECF-8010-83B14612FBB3}.RlsMacPy3.8|x64.ActiveCfg = RlsWinPy3.8|x64
		{3DA0AF32-A05B-4ECF-8010-83B14612FBB3}.RlsMacPy3.8|x64.Build.0 = RlsWinPy3.8|x64
		{3DA0AF32-A05B-4ECF-8010-83B14612FBB3}.RlsWinPy3.6|x64.ActiveCfg = RlsWinPy3.6|x64
		{3DA0AF32-A05B-4ECF-8010-83B14612FBB3}.RlsWinPy3.6|x64.Build.0 = RlsWinPy3.6|x64
		{3DA0AF32-A05B-4ECF-8010-83B14612FBB3}.RlsWinPy3.7|x64.ActiveCfg = RlsWinPy3.7|x64
		{3DA0AF32-A05B-4ECF-8010-83B14612FBB3}.RlsWinPy3.7|x64.Build.0 = RlsWinPy3.7|x64
		{3DA0AF32-A05B-4ECF-8010-83B14612FBB3}.RlsWinPy3.8|x64.ActiveCfg = RlsWinPy3.8|x64
		{3DA0AF32-A05B-4ECF-8010-83B14612FBB3}.RlsWinPy3.8|x64.Build.0 = RlsWinPy3.8|x64
		{D3AED287-722F-4243-966E-77AD0652B38E}.DbgLinPy3.6|x64.ActiveCfg = DbgLinPy3.6|x64
		{D3AED287-722F-4243-966E-77AD0652B38E}.DbgLinPy3.6|x64.Build.0 = DbgLinPy3.6|x64
		{D3AED287-722F-4243-966E-77AD0652B38E}.DbgLinPy3.7|x64.ActiveCfg = DbgLinPy3.7|x64
		{D3AED287-722F-4243-966E-77AD0652B38E}.DbgLinPy3.7|x64.Build.0 = DbgLinPy3.7|x64
		{D3AED287-722F-4243-966E-77AD0652B38E}.DbgLinPy3.8|x64.ActiveCfg = DbgLinPy3.5|x64
		{D3AED287-722F-4243-966E-77AD0652B38E}.DbgLinPy3.8|x64.Build.0 = DbgLinPy3.5|x64
		{D3AED287-722F-4243-966E-77AD0652B38E}.DbgWinPy3.6|x64.ActiveCfg = DbgWinPy3.6|x64
		{D3AED287-722F-4243-966E-77AD0652B38E}.DbgWinPy3.6|x64.Build.0 = DbgWinPy3.6|x64
		{D3AED287-722F-4243-966E-77AD0652B38E}.DbgWinPy3.7|x64.ActiveCfg = DbgWinPy3.7|x64
		{D3AED287-722F-4243-966E-77AD0652B38E}.DbgWinPy3.7|x64.Build.0 = DbgWinPy3.7|x64
		{D3AED287-722F-4243-966E-77AD0652B38E}.DbgWinPy3.8|x64.ActiveCfg = DbgWinPy3.5|x64
		{D3AED287-722F-4243-966E-77AD0652B38E}.DbgWinPy3.8|x64.Build.0 = DbgWinPy3.5|x64
		{D3AED287-722F-4243-966E-77AD0652B38E}.RlsLinPy3.6|x64.ActiveCfg = RlsLinPy3.6|x64
		{D3AED287-722F-4243-966E-77AD0652B38E}.RlsLinPy3.6|x64.Build.0 = RlsLinPy3.6|x64
		{D3AED287-722F-4243-966E-77AD0652B38E}.RlsLinPy3.7|x64.ActiveCfg = RlsLinPy3.7|x64
		{D3AED287-722F-4243-966E-77AD0652B38E}.RlsLinPy3.7|x64.Build.0 = RlsLinPy3.7|x64
		{D3AED287-722F-4243-966E-77AD0652B38E}.RlsLinPy3.8|x64.ActiveCfg = RlsLinPy3.5|x64
		{D3AED287-722F-4243-966E-77AD0652B38E}.RlsLinPy3.8|x64.Build.0 = RlsLinPy3.5|x64
		{D3AED287-722F-4243-966E-77AD0652B38E}.RlsMacPy3.6|x64.ActiveCfg = RlsMacPy3.6|x64
		{D3AED287-722F-4243-966E-77AD0652B38E}.RlsMacPy3.6|x64.Build.0 = RlsMacPy3.6|x64
		{D3AED287-722F-4243-966E-77AD0652B38E}.RlsMacPy3.7|x64.ActiveCfg = RlsMacPy3.7|x64
		{D3AED287-722F-4243-966E-77AD0652B38E}.RlsMacPy3.7|x64.Build.0 = RlsMacPy3.7|x64
		{D3AED287-722F-4243-966E-77AD0652B38E}.RlsMacPy3.8|x64.ActiveCfg = RlsMacPy3.7|x64
		{D3AED287-722F-4243-966E-77AD0652B38E}.RlsMacPy3.8|x64.Build.0 = RlsMacPy3.7|x64
		{D3AED287-722F-4243-966E-77AD0652B38E}.RlsWinPy3.6|x64.ActiveCfg = RlsWinPy3.6|x64
		{D3AED287-722F-4243-966E-77AD0652B38E}.RlsWinPy3.6|x64.Build.0 = RlsWinPy3.6|x64
		{D3AED287-722F-4243-966E-77AD0652B38E}.RlsWinPy3.7|x64.ActiveCfg = RlsWinPy3.7|x64
		{D3AED287-722F-4243-966E-77AD0652B38E}.RlsWinPy3.7|x64.Build.0 = RlsWinPy3.7|x64
		{D3AED287-722F-4243-966E-77AD0652B38E}.RlsWinPy3.8|x64.ActiveCfg = RlsWinPy3.5|x64
		{D3AED287-722F-4243-966E-77AD0652B38E}.RlsWinPy3.8|x64.Build.0 = RlsWinPy3.5|x64
	EndGlobalSection
	GlobalSection(SolutionProperties) = preSolution
		HideSolutionNode = FALSE
	EndGlobalSection
	GlobalSection(ExtensibilityGlobals) = postSolution
		SolutionGuid = {C98679F1-5475-4501-80AB-8A45B3F17654}
	EndGlobalSection
EndGlobal
